"Block_Address":"0x5b4e8476d85d080c0ffbc6b983ada283ec81605be4f81645af7055b6bd733c7e"{
   Block Height:
"57278"
Timestamp:
"2479 days 12 hrs ago (Aug-09-2015 06:08:05 AM +UTC)"
Transactions:
"0 transaction and 0 contract internal transaction in this block"
Mined by:
"0xf927a40c8b7f6e07c5af7fa2155b4864a4112b13"+"in 19 secs"
Block Reward:
"5 Ether"
Uncles Reward:
"0"
Difficulty:
"1,738,771,273,848"
Total Difficulty:
"59,957,280,000,539,524"
Size:
"541 Bytes"
Gas Used:
"0 (0.00%)"+
Gas Limit:
"3,141,592"
Extra Data:
"Geth/v1.0.1/linux/go1.4.2 (Hex:0x476574682f76312e302e312f6c696e75782f676f312e342e32)"
